// !$*UTF8*$!
{
	archiveVersion = 1;
	classes = {
	};
	objectVersion = 51;
	objects = {

/* Begin PBXBuildFile section */
		0263B28725F821B2008E120C /* Expense+Extensions.swift in Sources */ = {isa = PBXBuildFile; fileRef = 0263B28625F821B2008E120C /* Expense+Extensions.swift */; };
		0263B28925FD6AAC008E120C /* HealthCell.swift in Sources */ = {isa = PBXBuildFile; fileRef = 0263B28825FD6AAC008E120C /* HealthCell.swift */; };
		0277383825EEC5DC00510FF4 /* Assets.xcassets in Resources */ = {isa = PBXBuildFile; fileRef = 0277383725EEC5DC00510FF4 /* Assets.xcassets */; };
		0277383A25EEC80B00510FF4 /* HealthViewController.swift in Sources */ = {isa = PBXBuildFile; fileRef = 0277383925EEC80B00510FF4 /* HealthViewController.swift */; };
		0277383E25EED72D00510FF4 /* CalendarViewController.swift in Sources */ = {isa = PBXBuildFile; fileRef = 0277383D25EED72D00510FF4 /* CalendarViewController.swift */; };
		0277384025EED78800510FF4 /* ExpensesViewController.swift in Sources */ = {isa = PBXBuildFile; fileRef = 0277383F25EED78800510FF4 /* ExpensesViewController.swift */; };
		0277384225EFFF5200510FF4 /* DogAPIClient.swift in Sources */ = {isa = PBXBuildFile; fileRef = 0277384125EFFF5200510FF4 /* DogAPIClient.swift */; };
		0277384425F0002200510FF4 /* BreedsListResponse.swift in Sources */ = {isa = PBXBuildFile; fileRef = 0277384325F0002200510FF4 /* BreedsListResponse.swift */; };
		0277384A25F03DCF00510FF4 /* DataController.swift in Sources */ = {isa = PBXBuildFile; fileRef = 0277384925F03DCF00510FF4 /* DataController.swift */; };
		0277384C25F0F37A00510FF4 /* PetViewController.swift in Sources */ = {isa = PBXBuildFile; fileRef = 0277384B25F0F37A00510FF4 /* PetViewController.swift */; };
		02AB321F261F5E3000E3BF8F /* TabBarController.swift in Sources */ = {isa = PBXBuildFile; fileRef = 02AB321E261F5E3000E3BF8F /* TabBarController.swift */; };
		02AB3221261F7A3A00E3BF8F /* Notification.Name+Extension.swift in Sources */ = {isa = PBXBuildFile; fileRef = 02AB3220261F7A3A00E3BF8F /* Notification.Name+Extension.swift */; };
		02AB3223261F829500E3BF8F /* PetNotification.swift in Sources */ = {isa = PBXBuildFile; fileRef = 02AB3222261F829500E3BF8F /* PetNotification.swift */; };
		02D30DB125F27AAA007589BE /* CatAPIClient.swift in Sources */ = {isa = PBXBuildFile; fileRef = 02D30DB025F27AAA007589BE /* CatAPIClient.swift */; };
		02D30DB325F27B5A007589BE /* CatResponse.swift in Sources */ = {isa = PBXBuildFile; fileRef = 02D30DB225F27B5A007589BE /* CatResponse.swift */; };
		02D30DB725F6EB4A007589BE /* PetCell.swift in Sources */ = {isa = PBXBuildFile; fileRef = 02D30DB625F6EB4A007589BE /* PetCell.swift */; };
		02DD19DC25D6F8DE00236A74 /* AppDelegate.swift in Sources */ = {isa = PBXBuildFile; fileRef = 02DD19DB25D6F8DE00236A74 /* AppDelegate.swift */; };
		02DD19DE25D6F8DE00236A74 /* MyPetsViewController.swift in Sources */ = {isa = PBXBuildFile; fileRef = 02DD19DD25D6F8DE00236A74 /* MyPetsViewController.swift */; };
		02DD19E125D6F8DE00236A74 /* Main.storyboard in Resources */ = {isa = PBXBuildFile; fileRef = 02DD19DF25D6F8DE00236A74 /* Main.storyboard */; };
		02DD19E425D6F8DE00236A74 /* MyPetPlanner.xcdatamodeld in Sources */ = {isa = PBXBuildFile; fileRef = 02DD19E225D6F8DE00236A74 /* MyPetPlanner.xcdatamodeld */; };
		02DD19E925D6F8E300236A74 /* LaunchScreen.storyboard in Resources */ = {isa = PBXBuildFile; fileRef = 02DD19E725D6F8E300236A74 /* LaunchScreen.storyboard */; };
		02DD19F425D6F8E300236A74 /* MyPetPlannerTests.swift in Sources */ = {isa = PBXBuildFile; fileRef = 02DD19F325D6F8E300236A74 /* MyPetPlannerTests.swift */; };
		02DD19FF25D6F8E300236A74 /* MyPetPlannerUITests.swift in Sources */ = {isa = PBXBuildFile; fileRef = 02DD19FE25D6F8E300236A74 /* MyPetPlannerUITests.swift */; };
		02F66F0325FFF50F00B99D6A /* HealthSectionViewController.swift in Sources */ = {isa = PBXBuildFile; fileRef = 02F66F0225FFF50F00B99D6A /* HealthSectionViewController.swift */; };
		02F66F052602531900B99D6A /* FoodViewController.swift in Sources */ = {isa = PBXBuildFile; fileRef = 02F66F042602531900B99D6A /* FoodViewController.swift */; };
		02F66F072603CCE500B99D6A /* HealthSectionCell.swift in Sources */ = {isa = PBXBuildFile; fileRef = 02F66F062603CCE500B99D6A /* HealthSectionCell.swift */; };
		02F66F27260BA23A00B99D6A /* UIViewController+Extension.swift in Sources */ = {isa = PBXBuildFile; fileRef = 02F66F26260BA23A00B99D6A /* UIViewController+Extension.swift */; };
		02F66F29260BB79500B99D6A /* UILabel+Extension.swift in Sources */ = {isa = PBXBuildFile; fileRef = 02F66F28260BB79500B99D6A /* UILabel+Extension.swift */; };
		02F66F2B260C1DC000B99D6A /* SaveActivityIndicator.swift in Sources */ = {isa = PBXBuildFile; fileRef = 02F66F2A260C1DC000B99D6A /* SaveActivityIndicator.swift */; };
		02F66F37260E547600B99D6A /* KeyboardNotifications.swift in Sources */ = {isa = PBXBuildFile; fileRef = 02F66F36260E547600B99D6A /* KeyboardNotifications.swift */; };
		02F66F3B260E8E9F00B99D6A /* TableSection.swift in Sources */ = {isa = PBXBuildFile; fileRef = 02F66F3A260E8E9F00B99D6A /* TableSection.swift */; };
		02F66F3D261132EB00B99D6A /* TableRow.swift in Sources */ = {isa = PBXBuildFile; fileRef = 02F66F3C261132EB00B99D6A /* TableRow.swift */; };
		02F66F402612557200B99D6A /* EKCalendar+Extension.swift in Sources */ = {isa = PBXBuildFile; fileRef = 02F66F3F2612557200B99D6A /* EKCalendar+Extension.swift */; };
		02F66F422613984B00B99D6A /* CalendarReminderAuthorization.swift in Sources */ = {isa = PBXBuildFile; fileRef = 02F66F412613984B00B99D6A /* CalendarReminderAuthorization.swift */; };
		02F66F482613E38100B99D6A /* TrailingSwipeActions.swift in Sources */ = {isa = PBXBuildFile; fileRef = 02F66F472613E38100B99D6A /* TrailingSwipeActions.swift */; };
		02F66F4B2614EB6000B99D6A /* SingleButtonAlertDialog.swift in Sources */ = {isa = PBXBuildFile; fileRef = 02F66F4A2614EB6000B99D6A /* SingleButtonAlertDialog.swift */; };
		02F66F4D2614EF1D00B99D6A /* Alert.swift in Sources */ = {isa = PBXBuildFile; fileRef = 02F66F4C2614EF1D00B99D6A /* Alert.swift */; };
		02F66F502615015C00B99D6A /* UserDefaults+Extension.swift in Sources */ = {isa = PBXBuildFile; fileRef = 02F66F4F2615015C00B99D6A /* UserDefaults+Extension.swift */; };
		02F66F522615037C00B99D6A /* UIStoryboardSegue+Extension.swift in Sources */ = {isa = PBXBuildFile; fileRef = 02F66F512615037C00B99D6A /* UIStoryboardSegue+Extension.swift */; };
		02F66F582616840A00B99D6A /* UIView+Extension.swift in Sources */ = {isa = PBXBuildFile; fileRef = 02F66F572616840A00B99D6A /* UIView+Extension.swift */; };
		02F66F5A261B540800B99D6A /* UISegmentedControl+Extension.swift in Sources */ = {isa = PBXBuildFile; fileRef = 02F66F59261B540800B99D6A /* UISegmentedControl+Extension.swift */; };
		02F66F5C261B5B4C00B99D6A /* NSDecimalNumber+Extension.swift in Sources */ = {isa = PBXBuildFile; fileRef = 02F66F5B261B5B4C00B99D6A /* NSDecimalNumber+Extension.swift */; };
		02F66F5E261B8D9700B99D6A /* Date+Extension.swift in Sources */ = {isa = PBXBuildFile; fileRef = 02F66F5D261B8D9700B99D6A /* Date+Extension.swift */; };
		02F66F60261BA60F00B99D6A /* String+Extension.swift in Sources */ = {isa = PBXBuildFile; fileRef = 02F66F5F261BA60F00B99D6A /* String+Extension.swift */; };
		02F66F62261BB5EC00B99D6A /* Colors.swift in Sources */ = {isa = PBXBuildFile; fileRef = 02F66F61261BB5EC00B99D6A /* Colors.swift */; };
		73B6819DE3BC009A5D5AAFA7 /* Pods_MyPetPlannerTests.framework in Frameworks */ = {isa = PBXBuildFile; fileRef = 08F0B8607E1FD2CB31DBF08A /* Pods_MyPetPlannerTests.framework */; };
		8419D1C9AC775680FB9DE2A5 /* Pods_MyPetPlanner.framework in Frameworks */ = {isa = PBXBuildFile; fileRef = D223A628C9731F9D4C8AE2C3 /* Pods_MyPetPlanner.framework */; };
		8B85BA51E91C623C25C39B33 /* Pods_MyPetPlanner_MyPetPlannerUITests.framework in Frameworks */ = {isa = PBXBuildFile; fileRef = F220E7CD803857BC2465E0D7 /* Pods_MyPetPlanner_MyPetPlannerUITests.framework */; };
/* End PBXBuildFile section */

/* Begin PBXContainerItemProxy section */
		02DD19F025D6F8E300236A74 /* PBXContainerItemProxy */ = {
			isa = PBXContainerItemProxy;
			containerPortal = 02DD19D025D6F8DE00236A74 /* Project object */;
			proxyType = 1;
			remoteGlobalIDString = 02DD19D725D6F8DE00236A74;
			remoteInfo = MyPetPlanner;
		};
		02DD19FB25D6F8E300236A74 /* PBXContainerItemProxy */ = {
			isa = PBXContainerItemProxy;
			containerPortal = 02DD19D025D6F8DE00236A74 /* Project object */;
			proxyType = 1;
			remoteGlobalIDString = 02DD19D725D6F8DE00236A74;
			remoteInfo = MyPetPlanner;
		};
/* End PBXContainerItemProxy section */

/* Begin PBXFileReference section */
		0263B28625F821B2008E120C /* Expense+Extensions.swift */ = {isa = PBXFileReference; lastKnownFileType = sourcecode.swift; path = "Expense+Extensions.swift"; sourceTree = "<group>"; };
		0263B28825FD6AAC008E120C /* HealthCell.swift */ = {isa = PBXFileReference; lastKnownFileType = sourcecode.swift; path = HealthCell.swift; sourceTree = "<group>"; };
		0277383725EEC5DC00510FF4 /* Assets.xcassets */ = {isa = PBXFileReference; lastKnownFileType = folder.assetcatalog; path = Assets.xcassets; sourceTree = "<group>"; };
		0277383925EEC80B00510FF4 /* HealthViewController.swift */ = {isa = PBXFileReference; lastKnownFileType = sourcecode.swift; path = HealthViewController.swift; sourceTree = "<group>"; };
		0277383D25EED72D00510FF4 /* CalendarViewController.swift */ = {isa = PBXFileReference; lastKnownFileType = sourcecode.swift; path = CalendarViewController.swift; sourceTree = "<group>"; };
		0277383F25EED78800510FF4 /* ExpensesViewController.swift */ = {isa = PBXFileReference; lastKnownFileType = sourcecode.swift; path = ExpensesViewController.swift; sourceTree = "<group>"; };
		0277384125EFFF5200510FF4 /* DogAPIClient.swift */ = {isa = PBXFileReference; lastKnownFileType = sourcecode.swift; path = DogAPIClient.swift; sourceTree = "<group>"; };
		0277384325F0002200510FF4 /* BreedsListResponse.swift */ = {isa = PBXFileReference; lastKnownFileType = sourcecode.swift; path = BreedsListResponse.swift; sourceTree = "<group>"; };
		0277384925F03DCF00510FF4 /* DataController.swift */ = {isa = PBXFileReference; lastKnownFileType = sourcecode.swift; path = DataController.swift; sourceTree = "<group>"; };
		0277384B25F0F37A00510FF4 /* PetViewController.swift */ = {isa = PBXFileReference; lastKnownFileType = sourcecode.swift; path = PetViewController.swift; sourceTree = "<group>"; };
		02AB321E261F5E3000E3BF8F /* TabBarController.swift */ = {isa = PBXFileReference; lastKnownFileType = sourcecode.swift; path = TabBarController.swift; sourceTree = "<group>"; };
		02AB3220261F7A3A00E3BF8F /* Notification.Name+Extension.swift */ = {isa = PBXFileReference; lastKnownFileType = sourcecode.swift; path = "Notification.Name+Extension.swift"; sourceTree = "<group>"; };
		02AB3222261F829500E3BF8F /* PetNotification.swift */ = {isa = PBXFileReference; lastKnownFileType = sourcecode.swift; path = PetNotification.swift; sourceTree = "<group>"; };
		02D30DB025F27AAA007589BE /* CatAPIClient.swift */ = {isa = PBXFileReference; lastKnownFileType = sourcecode.swift; path = CatAPIClient.swift; sourceTree = "<group>"; };
		02D30DB225F27B5A007589BE /* CatResponse.swift */ = {isa = PBXFileReference; lastKnownFileType = sourcecode.swift; path = CatResponse.swift; sourceTree = "<group>"; };
		02D30DB625F6EB4A007589BE /* PetCell.swift */ = {isa = PBXFileReference; lastKnownFileType = sourcecode.swift; path = PetCell.swift; sourceTree = "<group>"; };
		02DD19D825D6F8DE00236A74 /* MyPetPlanner.app */ = {isa = PBXFileReference; explicitFileType = wrapper.application; includeInIndex = 0; path = MyPetPlanner.app; sourceTree = BUILT_PRODUCTS_DIR; };
		02DD19DB25D6F8DE00236A74 /* AppDelegate.swift */ = {isa = PBXFileReference; lastKnownFileType = sourcecode.swift; path = AppDelegate.swift; sourceTree = "<group>"; };
		02DD19DD25D6F8DE00236A74 /* MyPetsViewController.swift */ = {isa = PBXFileReference; lastKnownFileType = sourcecode.swift; path = MyPetsViewController.swift; sourceTree = "<group>"; };
		02DD19E025D6F8DE00236A74 /* Base */ = {isa = PBXFileReference; lastKnownFileType = file.storyboard; name = Base; path = Base.lproj/Main.storyboard; sourceTree = "<group>"; };
		02DD19E325D6F8DE00236A74 /* MyPetPlanner.xcdatamodel */ = {isa = PBXFileReference; lastKnownFileType = wrapper.xcdatamodel; path = MyPetPlanner.xcdatamodel; sourceTree = "<group>"; };
		02DD19E825D6F8E300236A74 /* Base */ = {isa = PBXFileReference; lastKnownFileType = file.storyboard; name = Base; path = Base.lproj/LaunchScreen.storyboard; sourceTree = "<group>"; };
		02DD19EA25D6F8E300236A74 /* Info.plist */ = {isa = PBXFileReference; lastKnownFileType = text.plist.xml; path = Info.plist; sourceTree = "<group>"; };
		02DD19EF25D6F8E300236A74 /* MyPetPlannerTests.xctest */ = {isa = PBXFileReference; explicitFileType = wrapper.cfbundle; includeInIndex = 0; path = MyPetPlannerTests.xctest; sourceTree = BUILT_PRODUCTS_DIR; };
		02DD19F325D6F8E300236A74 /* MyPetPlannerTests.swift */ = {isa = PBXFileReference; lastKnownFileType = sourcecode.swift; path = MyPetPlannerTests.swift; sourceTree = "<group>"; };
		02DD19F525D6F8E300236A74 /* Info.plist */ = {isa = PBXFileReference; lastKnownFileType = text.plist.xml; path = Info.plist; sourceTree = "<group>"; };
		02DD19FA25D6F8E300236A74 /* MyPetPlannerUITests.xctest */ = {isa = PBXFileReference; explicitFileType = wrapper.cfbundle; includeInIndex = 0; path = MyPetPlannerUITests.xctest; sourceTree = BUILT_PRODUCTS_DIR; };
		02DD19FE25D6F8E300236A74 /* MyPetPlannerUITests.swift */ = {isa = PBXFileReference; lastKnownFileType = sourcecode.swift; path = MyPetPlannerUITests.swift; sourceTree = "<group>"; };
		02DD1A0025D6F8E300236A74 /* Info.plist */ = {isa = PBXFileReference; lastKnownFileType = text.plist.xml; path = Info.plist; sourceTree = "<group>"; };
		02F66F0225FFF50F00B99D6A /* HealthSectionViewController.swift */ = {isa = PBXFileReference; lastKnownFileType = sourcecode.swift; path = HealthSectionViewController.swift; sourceTree = "<group>"; };
		02F66F042602531900B99D6A /* FoodViewController.swift */ = {isa = PBXFileReference; lastKnownFileType = sourcecode.swift; path = FoodViewController.swift; sourceTree = "<group>"; };
		02F66F062603CCE500B99D6A /* HealthSectionCell.swift */ = {isa = PBXFileReference; lastKnownFileType = sourcecode.swift; path = HealthSectionCell.swift; sourceTree = "<group>"; };
		02F66F26260BA23A00B99D6A /* UIViewController+Extension.swift */ = {isa = PBXFileReference; lastKnownFileType = sourcecode.swift; path = "UIViewController+Extension.swift"; sourceTree = "<group>"; };
		02F66F28260BB79500B99D6A /* UILabel+Extension.swift */ = {isa = PBXFileReference; lastKnownFileType = sourcecode.swift; path = "UILabel+Extension.swift"; sourceTree = "<group>"; };
		02F66F2A260C1DC000B99D6A /* SaveActivityIndicator.swift */ = {isa = PBXFileReference; lastKnownFileType = sourcecode.swift; path = SaveActivityIndicator.swift; sourceTree = "<group>"; };
		02F66F36260E547600B99D6A /* KeyboardNotifications.swift */ = {isa = PBXFileReference; lastKnownFileType = sourcecode.swift; path = KeyboardNotifications.swift; sourceTree = "<group>"; };
		02F66F3A260E8E9F00B99D6A /* TableSection.swift */ = {isa = PBXFileReference; lastKnownFileType = sourcecode.swift; path = TableSection.swift; sourceTree = "<group>"; };
		02F66F3C261132EB00B99D6A /* TableRow.swift */ = {isa = PBXFileReference; lastKnownFileType = sourcecode.swift; path = TableRow.swift; sourceTree = "<group>"; };
		02F66F3F2612557200B99D6A /* EKCalendar+Extension.swift */ = {isa = PBXFileReference; lastKnownFileType = sourcecode.swift; path = "EKCalendar+Extension.swift"; sourceTree = "<group>"; };
		02F66F412613984B00B99D6A /* CalendarReminderAuthorization.swift */ = {isa = PBXFileReference; lastKnownFileType = sourcecode.swift; path = CalendarReminderAuthorization.swift; sourceTree = "<group>"; };
		02F66F472613E38100B99D6A /* TrailingSwipeActions.swift */ = {isa = PBXFileReference; lastKnownFileType = sourcecode.swift; path = TrailingSwipeActions.swift; sourceTree = "<group>"; };
		02F66F4A2614EB6000B99D6A /* SingleButtonAlertDialog.swift */ = {isa = PBXFileReference; lastKnownFileType = sourcecode.swift; path = SingleButtonAlertDialog.swift; sourceTree = "<group>"; };
		02F66F4C2614EF1D00B99D6A /* Alert.swift */ = {isa = PBXFileReference; lastKnownFileType = sourcecode.swift; path = Alert.swift; sourceTree = "<group>"; };
		02F66F4F2615015C00B99D6A /* UserDefaults+Extension.swift */ = {isa = PBXFileReference; lastKnownFileType = sourcecode.swift; path = "UserDefaults+Extension.swift"; sourceTree = "<group>"; };
		02F66F512615037C00B99D6A /* UIStoryboardSegue+Extension.swift */ = {isa = PBXFileReference; lastKnownFileType = sourcecode.swift; path = "UIStoryboardSegue+Extension.swift"; sourceTree = "<group>"; };
		02F66F572616840A00B99D6A /* UIView+Extension.swift */ = {isa = PBXFileReference; lastKnownFileType = sourcecode.swift; path = "UIView+Extension.swift"; sourceTree = "<group>"; };
		02F66F59261B540800B99D6A /* UISegmentedControl+Extension.swift */ = {isa = PBXFileReference; lastKnownFileType = sourcecode.swift; path = "UISegmentedControl+Extension.swift"; sourceTree = "<group>"; };
		02F66F5B261B5B4C00B99D6A /* NSDecimalNumber+Extension.swift */ = {isa = PBXFileReference; lastKnownFileType = sourcecode.swift; path = "NSDecimalNumber+Extension.swift"; sourceTree = "<group>"; };
		02F66F5D261B8D9700B99D6A /* Date+Extension.swift */ = {isa = PBXFileReference; lastKnownFileType = sourcecode.swift; path = "Date+Extension.swift"; sourceTree = "<group>"; };
		02F66F5F261BA60F00B99D6A /* String+Extension.swift */ = {isa = PBXFileReference; lastKnownFileType = sourcecode.swift; path = "String+Extension.swift"; sourceTree = "<group>"; };
		02F66F61261BB5EC00B99D6A /* Colors.swift */ = {isa = PBXFileReference; lastKnownFileType = sourcecode.swift; path = Colors.swift; sourceTree = "<group>"; };
		02F66F63261E41F100B99D6A /* MyPetPlanner-2021-04-07-inheritance.xcdatamodel */ = {isa = PBXFileReference; lastKnownFileType = wrapper.xcdatamodel; path = "MyPetPlanner-2021-04-07-inheritance.xcdatamodel"; sourceTree = "<group>"; };
		08F0B8607E1FD2CB31DBF08A /* Pods_MyPetPlannerTests.framework */ = {isa = PBXFileReference; explicitFileType = wrapper.framework; includeInIndex = 0; path = Pods_MyPetPlannerTests.framework; sourceTree = BUILT_PRODUCTS_DIR; };
		26DA4E0E64776BD06D4BAEA3 /* Pods-MyPetPlanner.release.xcconfig */ = {isa = PBXFileReference; includeInIndex = 1; lastKnownFileType = text.xcconfig; name = "Pods-MyPetPlanner.release.xcconfig"; path = "Target Support Files/Pods-MyPetPlanner/Pods-MyPetPlanner.release.xcconfig"; sourceTree = "<group>"; };
		456D38907334532E704C3A46 /* Pods-MyPetPlanner-MyPetPlannerUITests.debug.xcconfig */ = {isa = PBXFileReference; includeInIndex = 1; lastKnownFileType = text.xcconfig; name = "Pods-MyPetPlanner-MyPetPlannerUITests.debug.xcconfig"; path = "Target Support Files/Pods-MyPetPlanner-MyPetPlannerUITests/Pods-MyPetPlanner-MyPetPlannerUITests.debug.xcconfig"; sourceTree = "<group>"; };
		507DC2D0632EBE8CCFD57BE9 /* Pods-MyPetPlanner-MyPetPlannerUITests.release.xcconfig */ = {isa = PBXFileReference; includeInIndex = 1; lastKnownFileType = text.xcconfig; name = "Pods-MyPetPlanner-MyPetPlannerUITests.release.xcconfig"; path = "Target Support Files/Pods-MyPetPlanner-MyPetPlannerUITests/Pods-MyPetPlanner-MyPetPlannerUITests.release.xcconfig"; sourceTree = "<group>"; };
		D223A628C9731F9D4C8AE2C3 /* Pods_MyPetPlanner.framework */ = {isa = PBXFileReference; explicitFileType = wrapper.framework; includeInIndex = 0; path = Pods_MyPetPlanner.framework; sourceTree = BUILT_PRODUCTS_DIR; };
		D24E0F722C06B7345E4D0D8B /* Pods-MyPetPlannerTests.release.xcconfig */ = {isa = PBXFileReference; includeInIndex = 1; lastKnownFileType = text.xcconfig; name = "Pods-MyPetPlannerTests.release.xcconfig"; path = "Target Support Files/Pods-MyPetPlannerTests/Pods-MyPetPlannerTests.release.xcconfig"; sourceTree = "<group>"; };
		EF60E15374B7A7D1597A4564 /* Pods-MyPetPlanner.debug.xcconfig */ = {isa = PBXFileReference; includeInIndex = 1; lastKnownFileType = text.xcconfig; name = "Pods-MyPetPlanner.debug.xcconfig"; path = "Target Support Files/Pods-MyPetPlanner/Pods-MyPetPlanner.debug.xcconfig"; sourceTree = "<group>"; };
		F220E7CD803857BC2465E0D7 /* Pods_MyPetPlanner_MyPetPlannerUITests.framework */ = {isa = PBXFileReference; explicitFileType = wrapper.framework; includeInIndex = 0; path = Pods_MyPetPlanner_MyPetPlannerUITests.framework; sourceTree = BUILT_PRODUCTS_DIR; };
		F5E500D495294EFF475EB799 /* Pods-MyPetPlannerTests.debug.xcconfig */ = {isa = PBXFileReference; includeInIndex = 1; lastKnownFileType = text.xcconfig; name = "Pods-MyPetPlannerTests.debug.xcconfig"; path = "Target Support Files/Pods-MyPetPlannerTests/Pods-MyPetPlannerTests.debug.xcconfig"; sourceTree = "<group>"; };
/* End PBXFileReference section */

/* Begin PBXFrameworksBuildPhase section */
		02DD19D525D6F8DE00236A74 /* Frameworks */ = {
			isa = PBXFrameworksBuildPhase;
			buildActionMask = 2147483647;
			files = (
				8419D1C9AC775680FB9DE2A5 /* Pods_MyPetPlanner.framework in Frameworks */,
			);
			runOnlyForDeploymentPostprocessing = 0;
		};
		02DD19EC25D6F8E300236A74 /* Frameworks */ = {
			isa = PBXFrameworksBuildPhase;
			buildActionMask = 2147483647;
			files = (
				73B6819DE3BC009A5D5AAFA7 /* Pods_MyPetPlannerTests.framework in Frameworks */,
			);
			runOnlyForDeploymentPostprocessing = 0;
		};
		02DD19F725D6F8E300236A74 /* Frameworks */ = {
			isa = PBXFrameworksBuildPhase;
			buildActionMask = 2147483647;
			files = (
				8B85BA51E91C623C25C39B33 /* Pods_MyPetPlanner_MyPetPlannerUITests.framework in Frameworks */,
			);
			runOnlyForDeploymentPostprocessing = 0;
		};
/* End PBXFrameworksBuildPhase section */

/* Begin PBXGroup section */
		0263B28525F82163008E120C /* Managed Object Extensions */ = {
			isa = PBXGroup;
			children = (
				0263B28625F821B2008E120C /* Expense+Extensions.swift */,
			);
			path = "Managed Object Extensions";
			sourceTree = "<group>";
		};
		0277383025EE998B00510FF4 /* Controller */ = {
			isa = PBXGroup;
			children = (
				02AB321E261F5E3000E3BF8F /* TabBarController.swift */,
				02DD19DD25D6F8DE00236A74 /* MyPetsViewController.swift */,
				0277384B25F0F37A00510FF4 /* PetViewController.swift */,
				0277383925EEC80B00510FF4 /* HealthViewController.swift */,
				02F66F0225FFF50F00B99D6A /* HealthSectionViewController.swift */,
				02F66F042602531900B99D6A /* FoodViewController.swift */,
				0277383D25EED72D00510FF4 /* CalendarViewController.swift */,
				0277383F25EED78800510FF4 /* ExpensesViewController.swift */,
				02F66F4E2614F05A00B99D6A /* Helpers */,
				02F66F492613E68800B99D6A /* Protocols */,
				02F66F3E2612553A00B99D6A /* Extensions */,
			);
			path = Controller;
			sourceTree = "<group>";
		};
		0277383125EE999500510FF4 /* View */ = {
			isa = PBXGroup;
			children = (
				02D30DB625F6EB4A007589BE /* PetCell.swift */,
				0263B28825FD6AAC008E120C /* HealthCell.swift */,
				02F66F062603CCE500B99D6A /* HealthSectionCell.swift */,
			);
			path = View;
			sourceTree = "<group>";
		};
		0277383225EE999F00510FF4 /* Model */ = {
			isa = PBXGroup;
			children = (
				0277384925F03DCF00510FF4 /* DataController.swift */,
				02F66F3C261132EB00B99D6A /* TableRow.swift */,
				02F66F3A260E8E9F00B99D6A /* TableSection.swift */,
				0277383425EEB15400510FF4 /* API */,
				0277383325EEB10E00510FF4 /* Data */,
				0263B28525F82163008E120C /* Managed Object Extensions */,
			);
			path = Model;
			sourceTree = "<group>";
		};
		0277383325EEB10E00510FF4 /* Data */ = {
			isa = PBXGroup;
			children = (
				02DD19E225D6F8DE00236A74 /* MyPetPlanner.xcdatamodeld */,
			);
			path = Data;
			sourceTree = "<group>";
		};
		0277383425EEB15400510FF4 /* API */ = {
			isa = PBXGroup;
			children = (
				0277384125EFFF5200510FF4 /* DogAPIClient.swift */,
				02D30DB025F27AAA007589BE /* CatAPIClient.swift */,
				0277384325F0002200510FF4 /* BreedsListResponse.swift */,
				02D30DB225F27B5A007589BE /* CatResponse.swift */,
			);
			path = API;
			sourceTree = "<group>";
		};
		02DD19CF25D6F8DE00236A74 = {
			isa = PBXGroup;
			children = (
				02DD19DA25D6F8DE00236A74 /* MyPetPlanner */,
				02DD19F225D6F8E300236A74 /* MyPetPlannerTests */,
				02DD19FD25D6F8E300236A74 /* MyPetPlannerUITests */,
				02DD19D925D6F8DE00236A74 /* Products */,
				BCED18A817944626C4423995 /* Pods */,
				29F1258672185233632BAD4F /* Frameworks */,
			);
			sourceTree = "<group>";
		};
		02DD19D925D6F8DE00236A74 /* Products */ = {
			isa = PBXGroup;
			children = (
				02DD19D825D6F8DE00236A74 /* MyPetPlanner.app */,
				02DD19EF25D6F8E300236A74 /* MyPetPlannerTests.xctest */,
				02DD19FA25D6F8E300236A74 /* MyPetPlannerUITests.xctest */,
			);
			name = Products;
			sourceTree = "<group>";
		};
		02DD19DA25D6F8DE00236A74 /* MyPetPlanner */ = {
			isa = PBXGroup;
			children = (
				02DD19DB25D6F8DE00236A74 /* AppDelegate.swift */,
				02DD19EA25D6F8E300236A74 /* Info.plist */,
				0277383225EE999F00510FF4 /* Model */,
				0277383125EE999500510FF4 /* View */,
				0277383025EE998B00510FF4 /* Controller */,
				0277383725EEC5DC00510FF4 /* Assets.xcassets */,
				02DD19DF25D6F8DE00236A74 /* Main.storyboard */,
				02DD19E725D6F8E300236A74 /* LaunchScreen.storyboard */,
			);
			path = MyPetPlanner;
			sourceTree = "<group>";
		};
		02DD19F225D6F8E300236A74 /* MyPetPlannerTests */ = {
			isa = PBXGroup;
			children = (
				02DD19F325D6F8E300236A74 /* MyPetPlannerTests.swift */,
				02DD19F525D6F8E300236A74 /* Info.plist */,
			);
			path = MyPetPlannerTests;
			sourceTree = "<group>";
		};
		02DD19FD25D6F8E300236A74 /* MyPetPlannerUITests */ = {
			isa = PBXGroup;
			children = (
				02DD19FE25D6F8E300236A74 /* MyPetPlannerUITests.swift */,
				02DD1A0025D6F8E300236A74 /* Info.plist */,
			);
			path = MyPetPlannerUITests;
			sourceTree = "<group>";
		};
		02F66F3E2612553A00B99D6A /* Extensions */ = {
			isa = PBXGroup;
			children = (
				02F66F26260BA23A00B99D6A /* UIViewController+Extension.swift */,
				02F66F572616840A00B99D6A /* UIView+Extension.swift */,
				02F66F28260BB79500B99D6A /* UILabel+Extension.swift */,
				02F66F59261B540800B99D6A /* UISegmentedControl+Extension.swift */,
				02F66F512615037C00B99D6A /* UIStoryboardSegue+Extension.swift */,
				02F66F3F2612557200B99D6A /* EKCalendar+Extension.swift */,
				02F66F4F2615015C00B99D6A /* UserDefaults+Extension.swift */,
				02F66F5D261B8D9700B99D6A /* Date+Extension.swift */,
				02F66F5F261BA60F00B99D6A /* String+Extension.swift */,
				02F66F5B261B5B4C00B99D6A /* NSDecimalNumber+Extension.swift */,
				02AB3220261F7A3A00E3BF8F /* Notification.Name+Extension.swift */,
			);
			path = Extensions;
			sourceTree = "<group>";
		};
		02F66F492613E68800B99D6A /* Protocols */ = {
			isa = PBXGroup;
			children = (
				02F66F2A260C1DC000B99D6A /* SaveActivityIndicator.swift */,
				02F66F36260E547600B99D6A /* KeyboardNotifications.swift */,
				02F66F412613984B00B99D6A /* CalendarReminderAuthorization.swift */,
				02F66F472613E38100B99D6A /* TrailingSwipeActions.swift */,
				02F66F4A2614EB6000B99D6A /* SingleButtonAlertDialog.swift */,
				02AB3222261F829500E3BF8F /* PetNotification.swift */,
			);
			path = Protocols;
			sourceTree = "<group>";
		};
		02F66F4E2614F05A00B99D6A /* Helpers */ = {
			isa = PBXGroup;
			children = (
				02F66F4C2614EF1D00B99D6A /* Alert.swift */,
				02F66F61261BB5EC00B99D6A /* Colors.swift */,
			);
			path = Helpers;
			sourceTree = "<group>";
		};
		29F1258672185233632BAD4F /* Frameworks */ = {
			isa = PBXGroup;
			children = (
				D223A628C9731F9D4C8AE2C3 /* Pods_MyPetPlanner.framework */,
				F220E7CD803857BC2465E0D7 /* Pods_MyPetPlanner_MyPetPlannerUITests.framework */,
				08F0B8607E1FD2CB31DBF08A /* Pods_MyPetPlannerTests.framework */,
			);
			name = Frameworks;
			sourceTree = "<group>";
		};
		BCED18A817944626C4423995 /* Pods */ = {
			isa = PBXGroup;
			children = (
				EF60E15374B7A7D1597A4564 /* Pods-MyPetPlanner.debug.xcconfig */,
				26DA4E0E64776BD06D4BAEA3 /* Pods-MyPetPlanner.release.xcconfig */,
				456D38907334532E704C3A46 /* Pods-MyPetPlanner-MyPetPlannerUITests.debug.xcconfig */,
				507DC2D0632EBE8CCFD57BE9 /* Pods-MyPetPlanner-MyPetPlannerUITests.release.xcconfig */,
				F5E500D495294EFF475EB799 /* Pods-MyPetPlannerTests.debug.xcconfig */,
				D24E0F722C06B7345E4D0D8B /* Pods-MyPetPlannerTests.release.xcconfig */,
			);
			path = Pods;
			sourceTree = "<group>";
		};
/* End PBXGroup section */

/* Begin PBXNativeTarget section */
		02DD19D725D6F8DE00236A74 /* MyPetPlanner */ = {
			isa = PBXNativeTarget;
			buildConfigurationList = 02DD1A0325D6F8E300236A74 /* Build configuration list for PBXNativeTarget "MyPetPlanner" */;
			buildPhases = (
				BBE2770383A9DE29BCAD1057 /* [CP] Check Pods Manifest.lock */,
				02DD19D425D6F8DE00236A74 /* Sources */,
				02DD19D525D6F8DE00236A74 /* Frameworks */,
				02DD19D625D6F8DE00236A74 /* Resources */,
				E293366BA7F14540DA6710BC /* [CP] Embed Pods Frameworks */,
			);
			buildRules = (
			);
			dependencies = (
			);
			name = MyPetPlanner;
			productName = MyPetPlanner;
			productReference = 02DD19D825D6F8DE00236A74 /* MyPetPlanner.app */;
			productType = "com.apple.product-type.application";
		};
		02DD19EE25D6F8E300236A74 /* MyPetPlannerTests */ = {
			isa = PBXNativeTarget;
			buildConfigurationList = 02DD1A0625D6F8E300236A74 /* Build configuration list for PBXNativeTarget "MyPetPlannerTests" */;
			buildPhases = (
				4CC8F036903423218FF19452 /* [CP] Check Pods Manifest.lock */,
				02DD19EB25D6F8E300236A74 /* Sources */,
				02DD19EC25D6F8E300236A74 /* Frameworks */,
				02DD19ED25D6F8E300236A74 /* Resources */,
			);
			buildRules = (
			);
			dependencies = (
				02DD19F125D6F8E300236A74 /* PBXTargetDependency */,
			);
			name = MyPetPlannerTests;
			productName = MyPetPlannerTests;
			productReference = 02DD19EF25D6F8E300236A74 /* MyPetPlannerTests.xctest */;
			productType = "com.apple.product-type.bundle.unit-test";
		};
		02DD19F925D6F8E300236A74 /* MyPetPlannerUITests */ = {
			isa = PBXNativeTarget;
			buildConfigurationList = 02DD1A0925D6F8E300236A74 /* Build configuration list for PBXNativeTarget "MyPetPlannerUITests" */;
			buildPhases = (
				93ABBABB669C6A68A6D07273 /* [CP] Check Pods Manifest.lock */,
				02DD19F625D6F8E300236A74 /* Sources */,
				02DD19F725D6F8E300236A74 /* Frameworks */,
				02DD19F825D6F8E300236A74 /* Resources */,
				4AC4CFD30ECBFD9F53439363 /* [CP] Embed Pods Frameworks */,
			);
			buildRules = (
			);
			dependencies = (
				02DD19FC25D6F8E300236A74 /* PBXTargetDependency */,
			);
			name = MyPetPlannerUITests;
			productName = MyPetPlannerUITests;
			productReference = 02DD19FA25D6F8E300236A74 /* MyPetPlannerUITests.xctest */;
			productType = "com.apple.product-type.bundle.ui-testing";
		};
/* End PBXNativeTarget section */

/* Begin PBXProject section */
		02DD19D025D6F8DE00236A74 /* Project object */ = {
			isa = PBXProject;
			attributes = {
				LastSwiftUpdateCheck = 1030;
				LastUpgradeCheck = 1030;
				ORGANIZATIONNAME = LidiaF;
				TargetAttributes = {
					02DD19D725D6F8DE00236A74 = {
						CreatedOnToolsVersion = 10.3;
					};
					02DD19EE25D6F8E300236A74 = {
						CreatedOnToolsVersion = 10.3;
						TestTargetID = 02DD19D725D6F8DE00236A74;
					};
					02DD19F925D6F8E300236A74 = {
						CreatedOnToolsVersion = 10.3;
						TestTargetID = 02DD19D725D6F8DE00236A74;
					};
				};
			};
			buildConfigurationList = 02DD19D325D6F8DE00236A74 /* Build configuration list for PBXProject "MyPetPlanner" */;
			compatibilityVersion = "Xcode 9.3";
			developmentRegion = en;
			hasScannedForEncodings = 0;
			knownRegions = (
				en,
				Base,
			);
			mainGroup = 02DD19CF25D6F8DE00236A74;
			productRefGroup = 02DD19D925D6F8DE00236A74 /* Products */;
			projectDirPath = "";
			projectRoot = "";
			targets = (
				02DD19D725D6F8DE00236A74 /* MyPetPlanner */,
				02DD19EE25D6F8E300236A74 /* MyPetPlannerTests */,
				02DD19F925D6F8E300236A74 /* MyPetPlannerUITests */,
			);
		};
/* End PBXProject section */

/* Begin PBXResourcesBuildPhase section */
		02DD19D625D6F8DE00236A74 /* Resources */ = {
			isa = PBXResourcesBuildPhase;
			buildActionMask = 2147483647;
			files = (
				02DD19E925D6F8E300236A74 /* LaunchScreen.storyboard in Resources */,
				0277383825EEC5DC00510FF4 /* Assets.xcassets in Resources */,
				02DD19E125D6F8DE00236A74 /* Main.storyboard in Resources */,
			);
			runOnlyForDeploymentPostprocessing = 0;
		};
		02DD19ED25D6F8E300236A74 /* Resources */ = {
			isa = PBXResourcesBuildPhase;
			buildActionMask = 2147483647;
			files = (
			);
			runOnlyForDeploymentPostprocessing = 0;
		};
		02DD19F825D6F8E300236A74 /* Resources */ = {
			isa = PBXResourcesBuildPhase;
			buildActionMask = 2147483647;
			files = (
			);
			runOnlyForDeploymentPostprocessing = 0;
		};
/* End PBXResourcesBuildPhase section */

/* Begin PBXShellScriptBuildPhase section */
		4AC4CFD30ECBFD9F53439363 /* [CP] Embed Pods Frameworks */ = {
			isa = PBXShellScriptBuildPhase;
			buildActionMask = 2147483647;
			files = (
			);
			inputFileListPaths = (
				"${PODS_ROOT}/Target Support Files/Pods-MyPetPlanner-MyPetPlannerUITests/Pods-MyPetPlanner-MyPetPlannerUITests-frameworks-${CONFIGURATION}-input-files.xcfilelist",
			);
			name = "[CP] Embed Pods Frameworks";
			outputFileListPaths = (
				"${PODS_ROOT}/Target Support Files/Pods-MyPetPlanner-MyPetPlannerUITests/Pods-MyPetPlanner-MyPetPlannerUITests-frameworks-${CONFIGURATION}-output-files.xcfilelist",
			);
			runOnlyForDeploymentPostprocessing = 0;
			shellPath = /bin/sh;
			shellScript = "\"${PODS_ROOT}/Target Support Files/Pods-MyPetPlanner-MyPetPlannerUITests/Pods-MyPetPlanner-MyPetPlannerUITests-frameworks.sh\"\n";
			showEnvVarsInLog = 0;
		};
		4CC8F036903423218FF19452 /* [CP] Check Pods Manifest.lock */ = {
			isa = PBXShellScriptBuildPhase;
			buildActionMask = 2147483647;
			files = (
			);
			inputFileListPaths = (
			);
			inputPaths = (
				"${PODS_PODFILE_DIR_PATH}/Podfile.lock",
				"${PODS_ROOT}/Manifest.lock",
			);
			name = "[CP] Check Pods Manifest.lock";
			outputFileListPaths = (
			);
			outputPaths = (
				"$(DERIVED_FILE_DIR)/Pods-MyPetPlannerTests-checkManifestLockResult.txt",
			);
			runOnlyForDeploymentPostprocessing = 0;
			shellPath = /bin/sh;
			shellScript = "diff \"${PODS_PODFILE_DIR_PATH}/Podfile.lock\" \"${PODS_ROOT}/Manifest.lock\" > /dev/null\nif [ $? != 0 ] ; then\n    # print error to STDERR\n    echo \"error: The sandbox is not in sync with the Podfile.lock. Run 'pod install' or update your CocoaPods installation.\" >&2\n    exit 1\nfi\n# This output is used by Xcode 'outputs' to avoid re-running this script phase.\necho \"SUCCESS\" > \"${SCRIPT_OUTPUT_FILE_0}\"\n";
			showEnvVarsInLog = 0;
		};
		93ABBABB669C6A68A6D07273 /* [CP] Check Pods Manifest.lock */ = {
			isa = PBXShellScriptBuildPhase;
			buildActionMask = 2147483647;
			files = (
			);
			inputFileListPaths = (
			);
			inputPaths = (
				"${PODS_PODFILE_DIR_PATH}/Podfile.lock",
				"${PODS_ROOT}/Manifest.lock",
			);
			name = "[CP] Check Pods Manifest.lock";
			outputFileListPaths = (
			);
			outputPaths = (
				"$(DERIVED_FILE_DIR)/Pods-MyPetPlanner-MyPetPlannerUITests-checkManifestLockResult.txt",
			);
			runOnlyForDeploymentPostprocessing = 0;
			shellPath = /bin/sh;
			shellScript = "diff \"${PODS_PODFILE_DIR_PATH}/Podfile.lock\" \"${PODS_ROOT}/Manifest.lock\" > /dev/null\nif [ $? != 0 ] ; then\n    # print error to STDERR\n    echo \"error: The sandbox is not in sync with the Podfile.lock. Run 'pod install' or update your CocoaPods installation.\" >&2\n    exit 1\nfi\n# This output is used by Xcode 'outputs' to avoid re-running this script phase.\necho \"SUCCESS\" > \"${SCRIPT_OUTPUT_FILE_0}\"\n";
			showEnvVarsInLog = 0;
		};
		BBE2770383A9DE29BCAD1057 /* [CP] Check Pods Manifest.lock */ = {
			isa = PBXShellScriptBuildPhase;
			buildActionMask = 2147483647;
			files = (
			);
			inputFileListPaths = (
			);
			inputPaths = (
				"${PODS_PODFILE_DIR_PATH}/Podfile.lock",
				"${PODS_ROOT}/Manifest.lock",
			);
			name = "[CP] Check Pods Manifest.lock";
			outputFileListPaths = (
			);
			outputPaths = (
				"$(DERIVED_FILE_DIR)/Pods-MyPetPlanner-checkManifestLockResult.txt",
			);
			runOnlyForDeploymentPostprocessing = 0;
			shellPath = /bin/sh;
			shellScript = "diff \"${PODS_PODFILE_DIR_PATH}/Podfile.lock\" \"${PODS_ROOT}/Manifest.lock\" > /dev/null\nif [ $? != 0 ] ; then\n    # print error to STDERR\n    echo \"error: The sandbox is not in sync with the Podfile.lock. Run 'pod install' or update your CocoaPods installation.\" >&2\n    exit 1\nfi\n# This output is used by Xcode 'outputs' to avoid re-running this script phase.\necho \"SUCCESS\" > \"${SCRIPT_OUTPUT_FILE_0}\"\n";
			showEnvVarsInLog = 0;
		};
		E293366BA7F14540DA6710BC /* [CP] Embed Pods Frameworks */ = {
			isa = PBXShellScriptBuildPhase;
			buildActionMask = 2147483647;
			files = (
			);
			inputFileListPaths = (
				"${PODS_ROOT}/Target Support Files/Pods-MyPetPlanner/Pods-MyPetPlanner-frameworks-${CONFIGURATION}-input-files.xcfilelist",
			);
			name = "[CP] Embed Pods Frameworks";
			outputFileListPaths = (
				"${PODS_ROOT}/Target Support Files/Pods-MyPetPlanner/Pods-MyPetPlanner-frameworks-${CONFIGURATION}-output-files.xcfilelist",
			);
			runOnlyForDeploymentPostprocessing = 0;
			shellPath = /bin/sh;
			shellScript = "\"${PODS_ROOT}/Target Support Files/Pods-MyPetPlanner/Pods-MyPetPlanner-frameworks.sh\"\n";
			showEnvVarsInLog = 0;
		};
/* End PBXShellScriptBuildPhase section */

/* Begin PBXSourcesBuildPhase section */
		02DD19D425D6F8DE00236A74 /* Sources */ = {
			isa = PBXSourcesBuildPhase;
			buildActionMask = 2147483647;
			files = (
				02F66F482613E38100B99D6A /* TrailingSwipeActions.swift in Sources */,
				0263B28725F821B2008E120C /* Expense+Extensions.swift in Sources */,
				02F66F2B260C1DC000B99D6A /* SaveActivityIndicator.swift in Sources */,
				02F66F072603CCE500B99D6A /* HealthSectionCell.swift in Sources */,
				0263B28925FD6AAC008E120C /* HealthCell.swift in Sources */,
				02F66F5C261B5B4C00B99D6A /* NSDecimalNumber+Extension.swift in Sources */,
				02F66F62261BB5EC00B99D6A /* Colors.swift in Sources */,
				02F66F5A261B540800B99D6A /* UISegmentedControl+Extension.swift in Sources */,
				02F66F0325FFF50F00B99D6A /* HealthSectionViewController.swift in Sources */,
				0277383E25EED72D00510FF4 /* CalendarViewController.swift in Sources */,
				02F66F422613984B00B99D6A /* CalendarReminderAuthorization.swift in Sources */,
				02F66F4B2614EB6000B99D6A /* SingleButtonAlertDialog.swift in Sources */,
				02F66F052602531900B99D6A /* FoodViewController.swift in Sources */,
				0277384025EED78800510FF4 /* ExpensesViewController.swift in Sources */,
				02F66F37260E547600B99D6A /* KeyboardNotifications.swift in Sources */,
				0277384425F0002200510FF4 /* BreedsListResponse.swift in Sources */,
				02F66F27260BA23A00B99D6A /* UIViewController+Extension.swift in Sources */,
				02F66F5E261B8D9700B99D6A /* Date+Extension.swift in Sources */,
				02AB3223261F829500E3BF8F /* PetNotification.swift in Sources */,
				02DD19DE25D6F8DE00236A74 /* MyPetsViewController.swift in Sources */,
				0277384225EFFF5200510FF4 /* DogAPIClient.swift in Sources */,
				02F66F3B260E8E9F00B99D6A /* TableSection.swift in Sources */,
				02AB3221261F7A3A00E3BF8F /* Notification.Name+Extension.swift in Sources */,
				02F66F60261BA60F00B99D6A /* String+Extension.swift in Sources */,
				02F66F402612557200B99D6A /* EKCalendar+Extension.swift in Sources */,
				0277384A25F03DCF00510FF4 /* DataController.swift in Sources */,
				02DD19E425D6F8DE00236A74 /* MyPetPlanner.xcdatamodeld in Sources */,
				0277384C25F0F37A00510FF4 /* PetViewController.swift in Sources */,
				02AB321F261F5E3000E3BF8F /* TabBarController.swift in Sources */,
				02D30DB325F27B5A007589BE /* CatResponse.swift in Sources */,
				02F66F582616840A00B99D6A /* UIView+Extension.swift in Sources */,
				02F66F502615015C00B99D6A /* UserDefaults+Extension.swift in Sources */,
				0277383A25EEC80B00510FF4 /* HealthViewController.swift in Sources */,
				02F66F29260BB79500B99D6A /* UILabel+Extension.swift in Sources */,
				02D30DB725F6EB4A007589BE /* PetCell.swift in Sources */,
				02F66F522615037C00B99D6A /* UIStoryboardSegue+Extension.swift in Sources */,
				02F66F3D261132EB00B99D6A /* TableRow.swift in Sources */,
				02D30DB125F27AAA007589BE /* CatAPIClient.swift in Sources */,
				02F66F4D2614EF1D00B99D6A /* Alert.swift in Sources */,
				02DD19DC25D6F8DE00236A74 /* AppDelegate.swift in Sources */,
			);
			runOnlyForDeploymentPostprocessing = 0;
		};
		02DD19EB25D6F8E300236A74 /* Sources */ = {
			isa = PBXSourcesBuildPhase;
			buildActionMask = 2147483647;
			files = (
				02DD19F425D6F8E300236A74 /* MyPetPlannerTests.swift in Sources */,
			);
			runOnlyForDeploymentPostprocessing = 0;
		};
		02DD19F625D6F8E300236A74 /* Sources */ = {
			isa = PBXSourcesBuildPhase;
			buildActionMask = 2147483647;
			files = (
				02DD19FF25D6F8E300236A74 /* MyPetPlannerUITests.swift in Sources */,
			);
			runOnlyForDeploymentPostprocessing = 0;
		};
/* End PBXSourcesBuildPhase section */

/* Begin PBXTargetDependency section */
		02DD19F125D6F8E300236A74 /* PBXTargetDependency */ = {
			isa = PBXTargetDependency;
			target = 02DD19D725D6F8DE00236A74 /* MyPetPlanner */;
			targetProxy = 02DD19F025D6F8E300236A74 /* PBXContainerItemProxy */;
		};
		02DD19FC25D6F8E300236A74 /* PBXTargetDependency */ = {
			isa = PBXTargetDependency;
			target = 02DD19D725D6F8DE00236A74 /* MyPetPlanner */;
			targetProxy = 02DD19FB25D6F8E300236A74 /* PBXContainerItemProxy */;
		};
/* End PBXTargetDependency section */

/* Begin PBXVariantGroup section */
		02DD19DF25D6F8DE00236A74 /* Main.storyboard */ = {
			isa = PBXVariantGroup;
			children = (
				02DD19E025D6F8DE00236A74 /* Base */,
			);
			name = Main.storyboard;
			sourceTree = "<group>";
		};
		02DD19E725D6F8E300236A74 /* LaunchScreen.storyboard */ = {
			isa = PBXVariantGroup;
			children = (
				02DD19E825D6F8E300236A74 /* Base */,
			);
			name = LaunchScreen.storyboard;
			sourceTree = "<group>";
		};
/* End PBXVariantGroup section */

/* Begin XCBuildConfiguration section */
		02DD1A0125D6F8E300236A74 /* Debug */ = {
			isa = XCBuildConfiguration;
			buildSettings = {
				ALWAYS_SEARCH_USER_PATHS = NO;
				CLANG_ANALYZER_NONNULL = YES;
				CLANG_ANALYZER_NUMBER_OBJECT_CONVERSION = YES_AGGRESSIVE;
				CLANG_CXX_LANGUAGE_STANDARD = "gnu++14";
				CLANG_CXX_LIBRARY = "libc++";
				CLANG_ENABLE_MODULES = YES;
				CLANG_ENABLE_OBJC_ARC = YES;
				CLANG_ENABLE_OBJC_WEAK = YES;
				CLANG_WARN_BLOCK_CAPTURE_AUTORELEASING = YES;
				CLANG_WARN_BOOL_CONVERSION = YES;
				CLANG_WARN_COMMA = YES;
				CLANG_WARN_CONSTANT_CONVERSION = YES;
				CLANG_WARN_DEPRECATED_OBJC_IMPLEMENTATIONS = YES;
				CLANG_WARN_DIRECT_OBJC_ISA_USAGE = YES_ERROR;
				CLANG_WARN_DOCUMENTATION_COMMENTS = YES;
				CLANG_WARN_EMPTY_BODY = YES;
				CLANG_WARN_ENUM_CONVERSION = YES;
				CLANG_WARN_INFINITE_RECURSION = YES;
				CLANG_WARN_INT_CONVERSION = YES;
				CLANG_WARN_NON_LITERAL_NULL_CONVERSION = YES;
				CLANG_WARN_OBJC_IMPLICIT_RETAIN_SELF = YES;
				CLANG_WARN_OBJC_LITERAL_CONVERSION = YES;
				CLANG_WARN_OBJC_ROOT_CLASS = YES_ERROR;
				CLANG_WARN_RANGE_LOOP_ANALYSIS = YES;
				CLANG_WARN_STRICT_PROTOTYPES = YES;
				CLANG_WARN_SUSPICIOUS_MOVE = YES;
				CLANG_WARN_UNGUARDED_AVAILABILITY = YES_AGGRESSIVE;
				CLANG_WARN_UNREACHABLE_CODE = YES;
				CLANG_WARN__DUPLICATE_METHOD_MATCH = YES;
				CODE_SIGN_IDENTITY = "iPhone Developer";
				COPY_PHASE_STRIP = NO;
				DEBUG_INFORMATION_FORMAT = dwarf;
				ENABLE_STRICT_OBJC_MSGSEND = YES;
				ENABLE_TESTABILITY = YES;
				GCC_C_LANGUAGE_STANDARD = gnu11;
				GCC_DYNAMIC_NO_PIC = NO;
				GCC_NO_COMMON_BLOCKS = YES;
				GCC_OPTIMIZATION_LEVEL = 0;
				GCC_PREPROCESSOR_DEFINITIONS = (
					"DEBUG=1",
					"$(inherited)",
				);
				GCC_WARN_64_TO_32_BIT_CONVERSION = YES;
				GCC_WARN_ABOUT_RETURN_TYPE = YES_ERROR;
				GCC_WARN_UNDECLARED_SELECTOR = YES;
				GCC_WARN_UNINITIALIZED_AUTOS = YES_AGGRESSIVE;
				GCC_WARN_UNUSED_FUNCTION = YES;
				GCC_WARN_UNUSED_VARIABLE = YES;
				IPHONEOS_DEPLOYMENT_TARGET = 12.4;
				MTL_ENABLE_DEBUG_INFO = INCLUDE_SOURCE;
				MTL_FAST_MATH = YES;
				ONLY_ACTIVE_ARCH = YES;
				SDKROOT = iphoneos;
				SWIFT_ACTIVE_COMPILATION_CONDITIONS = DEBUG;
				SWIFT_OPTIMIZATION_LEVEL = "-Onone";
			};
			name = Debug;
		};
		02DD1A0225D6F8E300236A74 /* Release */ = {
			isa = XCBuildConfiguration;
			buildSettings = {
				ALWAYS_SEARCH_USER_PATHS = NO;
				CLANG_ANALYZER_NONNULL = YES;
				CLANG_ANALYZER_NUMBER_OBJECT_CONVERSION = YES_AGGRESSIVE;
				CLANG_CXX_LANGUAGE_STANDARD = "gnu++14";
				CLANG_CXX_LIBRARY = "libc++";
				CLANG_ENABLE_MODULES = YES;
				CLANG_ENABLE_OBJC_ARC = YES;
				CLANG_ENABLE_OBJC_WEAK = YES;
				CLANG_WARN_BLOCK_CAPTURE_AUTORELEASING = YES;
				CLANG_WARN_BOOL_CONVERSION = YES;
				CLANG_WARN_COMMA = YES;
				CLANG_WARN_CONSTANT_CONVERSION = YES;
				CLANG_WARN_DEPRECATED_OBJC_IMPLEMENTATIONS = YES;
				CLANG_WARN_DIRECT_OBJC_ISA_USAGE = YES_ERROR;
				CLANG_WARN_DOCUMENTATION_COMMENTS = YES;
				CLANG_WARN_EMPTY_BODY = YES;
				CLANG_WARN_ENUM_CONVERSION = YES;
				CLANG_WARN_INFINITE_RECURSION = YES;
				CLANG_WARN_INT_CONVERSION = YES;
				CLANG_WARN_NON_LITERAL_NULL_CONVERSION = YES;
				CLANG_WARN_OBJC_IMPLICIT_RETAIN_SELF = YES;
				CLANG_WARN_OBJC_LITERAL_CONVERSION = YES;
				CLANG_WARN_OBJC_ROOT_CLASS = YES_ERROR;
				CLANG_WARN_RANGE_LOOP_ANALYSIS = YES;
				CLANG_WARN_STRICT_PROTOTYPES = YES;
				CLANG_WARN_SUSPICIOUS_MOVE = YES;
				CLANG_WARN_UNGUARDED_AVAILABILITY = YES_AGGRESSIVE;
				CLANG_WARN_UNREACHABLE_CODE = YES;
				CLANG_WARN__DUPLICATE_METHOD_MATCH = YES;
				CODE_SIGN_IDENTITY = "iPhone Developer";
				COPY_PHASE_STRIP = NO;
				DEBUG_INFORMATION_FORMAT = "dwarf-with-dsym";
				ENABLE_NS_ASSERTIONS = NO;
				ENABLE_STRICT_OBJC_MSGSEND = YES;
				GCC_C_LANGUAGE_STANDARD = gnu11;
				GCC_NO_COMMON_BLOCKS = YES;
				GCC_WARN_64_TO_32_BIT_CONVERSION = YES;
				GCC_WARN_ABOUT_RETURN_TYPE = YES_ERROR;
				GCC_WARN_UNDECLARED_SELECTOR = YES;
				GCC_WARN_UNINITIALIZED_AUTOS = YES_AGGRESSIVE;
				GCC_WARN_UNUSED_FUNCTION = YES;
				GCC_WARN_UNUSED_VARIABLE = YES;
				IPHONEOS_DEPLOYMENT_TARGET = 12.4;
				MTL_ENABLE_DEBUG_INFO = NO;
				MTL_FAST_MATH = YES;
				SDKROOT = iphoneos;
				SWIFT_COMPILATION_MODE = wholemodule;
				SWIFT_OPTIMIZATION_LEVEL = "-O";
				VALIDATE_PRODUCT = YES;
			};
			name = Release;
		};
		02DD1A0425D6F8E300236A74 /* Debug */ = {
			isa = XCBuildConfiguration;
			baseConfigurationReference = EF60E15374B7A7D1597A4564 /* Pods-MyPetPlanner.debug.xcconfig */;
			buildSettings = {
				ASSETCATALOG_COMPILER_APPICON_NAME = AppIcon;
				CODE_SIGN_STYLE = Automatic;
				INFOPLIST_FILE = MyPetPlanner/Info.plist;
				LD_RUNPATH_SEARCH_PATHS = (
					"$(inherited)",
					"@executable_path/Frameworks",
				);
				PRODUCT_BUNDLE_IDENTIFIER = com.lidiaf.MyPetPlanner;
				PRODUCT_NAME = "$(TARGET_NAME)";
				SWIFT_VERSION = 5.0;
				TARGETED_DEVICE_FAMILY = "1,2";
			};
			name = Debug;
		};
		02DD1A0525D6F8E300236A74 /* Release */ = {
			isa = XCBuildConfiguration;
			baseConfigurationReference = 26DA4E0E64776BD06D4BAEA3 /* Pods-MyPetPlanner.release.xcconfig */;
			buildSettings = {
				ASSETCATALOG_COMPILER_APPICON_NAME = AppIcon;
				CODE_SIGN_STYLE = Automatic;
				INFOPLIST_FILE = MyPetPlanner/Info.plist;
				LD_RUNPATH_SEARCH_PATHS = (
					"$(inherited)",
					"@executable_path/Frameworks",
				);
				PRODUCT_BUNDLE_IDENTIFIER = com.lidiaf.MyPetPlanner;
				PRODUCT_NAME = "$(TARGET_NAME)";
				SWIFT_VERSION = 5.0;
				TARGETED_DEVICE_FAMILY = "1,2";
			};
			name = Release;
		};
		02DD1A0725D6F8E300236A74 /* Debug */ = {
			isa = XCBuildConfiguration;
			baseConfigurationReference = F5E500D495294EFF475EB799 /* Pods-MyPetPlannerTests.debug.xcconfig */;
			buildSettings = {
				ALWAYS_EMBED_SWIFT_STANDARD_LIBRARIES = YES;
				BUNDLE_LOADER = "$(TEST_HOST)";
				CODE_SIGN_STYLE = Automatic;
				INFOPLIST_FILE = MyPetPlannerTests/Info.plist;
				LD_RUNPATH_SEARCH_PATHS = (
					"$(inherited)",
					"@executable_path/Frameworks",
					"@loader_path/Frameworks",
				);
				PRODUCT_BUNDLE_IDENTIFIER = com.lidiaf.MyPetPlannerTests;
				PRODUCT_NAME = "$(TARGET_NAME)";
				SWIFT_VERSION = 5.0;
				TARGETED_DEVICE_FAMILY = "1,2";
				TEST_HOST = "$(BUILT_PRODUCTS_DIR)/MyPetPlanner.app/MyPetPlanner";
			};
			name = Debug;
		};
		02DD1A0825D6F8E300236A74 /* Release */ = {
			isa = XCBuildConfiguration;
			baseConfigurationReference = D24E0F722C06B7345E4D0D8B /* Pods-MyPetPlannerTests.release.xcconfig */;
			buildSettings = {
				ALWAYS_EMBED_SWIFT_STANDARD_LIBRARIES = YES;
				BUNDLE_LOADER = "$(TEST_HOST)";
				CODE_SIGN_STYLE = Automatic;
				INFOPLIST_FILE = MyPetPlannerTests/Info.plist;
				LD_RUNPATH_SEARCH_PATHS = (
					"$(inherited)",
					"@executable_path/Frameworks",
					"@loader_path/Frameworks",
				);
				PRODUCT_BUNDLE_IDENTIFIER = com.lidiaf.MyPetPlannerTests;
				PRODUCT_NAME = "$(TARGET_NAME)";
				SWIFT_VERSION = 5.0;
				TARGETED_DEVICE_FAMILY = "1,2";
				TEST_HOST = "$(BUILT_PRODUCTS_DIR)/MyPetPlanner.app/MyPetPlanner";
			};
			name = Release;
		};
		02DD1A0A25D6F8E300236A74 /* Debug */ = {
			isa = XCBuildConfiguration;
			baseConfigurationReference = 456D38907334532E704C3A46 /* Pods-MyPetPlanner-MyPetPlannerUITests.debug.xcconfig */;
			buildSettings = {
				ALWAYS_EMBED_SWIFT_STANDARD_LIBRARIES = YES;
				CODE_SIGN_STYLE = Automatic;
				INFOPLIST_FILE = MyPetPlannerUITests/Info.plist;
				LD_RUNPATH_SEARCH_PATHS = (
					"$(inherited)",
					"@executable_path/Frameworks",
					"@loader_path/Frameworks",
				);
				PRODUCT_BUNDLE_IDENTIFIER = com.lidiaf.MyPetPlannerUITests;
				PRODUCT_NAME = "$(TARGET_NAME)";
				SWIFT_VERSION = 5.0;
				TARGETED_DEVICE_FAMILY = "1,2";
				TEST_TARGET_NAME = MyPetPlanner;
			};
			name = Debug;
		};
		02DD1A0B25D6F8E300236A74 /* Release */ = {
			isa = XCBuildConfiguration;
			baseConfigurationReference = 507DC2D0632EBE8CCFD57BE9 /* Pods-MyPetPlanner-MyPetPlannerUITests.release.xcconfig */;
			buildSettings = {
				ALWAYS_EMBED_SWIFT_STANDARD_LIBRARIES = YES;
				CODE_SIGN_STYLE = Automatic;
				INFOPLIST_FILE = MyPetPlannerUITests/Info.plist;
				LD_RUNPATH_SEARCH_PATHS = (
					"$(inherited)",
					"@executable_path/Frameworks",
					"@loader_path/Frameworks",
				);
				PRODUCT_BUNDLE_IDENTIFIER = com.lidiaf.MyPetPlannerUITests;
				PRODUCT_NAME = "$(TARGET_NAME)";
				SWIFT_VERSION = 5.0;
				TARGETED_DEVICE_FAMILY = "1,2";
				TEST_TARGET_NAME = MyPetPlanner;
			};
			name = Release;
		};
/* End XCBuildConfiguration section */

/* Begin XCConfigurationList section */
		02DD19D325D6F8DE00236A74 /* Build configuration list for PBXProject "MyPetPlanner" */ = {
			isa = XCConfigurationList;
			buildConfigurations = (
				02DD1A0125D6F8E300236A74 /* Debug */,
				02DD1A0225D6F8E300236A74 /* Release */,
			);
			defaultConfigurationIsVisible = 0;
			defaultConfigurationName = Release;
		};
		02DD1A0325D6F8E300236A74 /* Build configuration list for PBXNativeTarget "MyPetPlanner" */ = {
			isa = XCConfigurationList;
			buildConfigurations = (
				02DD1A0425D6F8E300236A74 /* Debug */,
				02DD1A0525D6F8E300236A74 /* Release */,
			);
			defaultConfigurationIsVisible = 0;
			defaultConfigurationName = Release;
		};
		02DD1A0625D6F8E300236A74 /* Build configuration list for PBXNativeTarget "MyPetPlannerTests" */ = {
			isa = XCConfigurationList;
			buildConfigurations = (
				02DD1A0725D6F8E300236A74 /* Debug */,
				02DD1A0825D6F8E300236A74 /* Release */,
			);
			defaultConfigurationIsVisible = 0;
			defaultConfigurationName = Release;
		};
		02DD1A0925D6F8E300236A74 /* Build configuration list for PBXNativeTarget "MyPetPlannerUITests" */ = {
			isa = XCConfigurationList;
			buildConfigurations = (
				02DD1A0A25D6F8E300236A74 /* Debug */,
				02DD1A0B25D6F8E300236A74 /* Release */,
			);
			defaultConfigurationIsVisible = 0;
			defaultConfigurationName = Release;
		};
/* End XCConfigurationList section */

/* Begin XCVersionGroup section */
		02DD19E225D6F8DE00236A74 /* MyPetPlanner.xcdatamodeld */ = {
			isa = XCVersionGroup;
			children = (
				02F66F63261E41F100B99D6A /* MyPetPlanner-2021-04-07-inheritance.xcdatamodel */,
				02DD19E325D6F8DE00236A74 /* MyPetPlanner.xcdatamodel */,
			);
			currentVersion = 02F66F63261E41F100B99D6A /* MyPetPlanner-2021-04-07-inheritance.xcdatamodel */;
			path = MyPetPlanner.xcdatamodeld;
			sourceTree = "<group>";
			versionGroupType = wrapper.xcdatamodel;
		};
/* End XCVersionGroup section */
	};
	rootObject = 02DD19D025D6F8DE00236A74 /* Project object */;
}
